
Microsoft Visual Studio Solution File, Format Version 12.00
# Visual Studio Version 17
VisualStudioVersion = 17.11.35327.3
MinimumVisualStudioVersion = 10.0.40219.1
Project("{FAE04EC0-301F-11D3-BF4B-00C04F79EFBC}") = "ElementosUnicosLinq", "ElementosUnicosLinq.csproj", "{5F4632D9-DD80-4F29-BF37-8D469465E66E}"
EndProject
Global
	GlobalSection(SolutionConfigurationPlatforms) = preSolution
		Debug|Any CPU = Debug|Any CPU
		Release|Any CPU = Release|Any CPU
	EndGlobalSection
	GlobalSection(ProjectConfigurationPlatforms) = postSolution
		{5F4632D9-DD80-4F29-BF37-8D469465E66E}.Debug|Any CPU.ActiveCfg = Debug|Any CPU
		{5F4632D9-DD80-4F29-BF37-8D469465E66E}.Debug|Any CPU.Build.0 = Debug|Any CPU
		{5F4632D9-DD80-4F29-BF37-8D469465E66E}.Release|Any CPU.ActiveCfg = Release|Any CPU
		{5F4632D9-DD80-4F29-BF37-8D469465E66E}.Release|Any CPU.Build.0 = Release|Any CPU
	EndGlobalSection
	GlobalSection(SolutionProperties) = preSolution
		HideSolutionNode = FALSE
	EndGlobalSection
	GlobalSection(ExtensibilityGlobals) = postSolution
		SolutionGuid = {EBCD52CA-8037-43C5-A72D-2B10E6CAC440}
	EndGlobalSection
EndGlobal
